
Microsoft Visual Studio Solution File, Format Version 12.00
# Visual Studio 15
VisualStudioVersion = 15.0.27130.2027
MinimumVisualStudioVersion = 10.0.40219.1
Project("{FAE04EC0-301F-11D3-BF4B-00C04F79EFBC}") = "ProjectsMap.WebApi", "ProjectsMap.WebApi\ProjectsMap.WebApi.csproj", "{E8E554AC-7DD3-4DB2-9010-3525543979EC}"
EndProject
Project("{FAE04EC0-301F-11D3-BF4B-00C04F79EFBC}") = "ProjectsMap.WebApi.UnitTests", "ProjectsMap.WebApi.UnitTests\ProjectsMap.WebApi.UnitTests.csproj", "{06E3E10E-9120-46E9-97EE-3435305C9A91}"
EndProject
Global
	GlobalSection(SolutionConfigurationPlatforms) = preSolution
		Debug|Any CPU = Debug|Any CPU
		Release|Any CPU = Release|Any CPU
	EndGlobalSection
	GlobalSection(ProjectConfigurationPlatforms) = postSolution
		{E8E554AC-7DD3-4DB2-9010-3525543979EC}.Debug|Any CPU.ActiveCfg = Debug|Any CPU
		{E8E554AC-7DD3-4DB2-9010-3525543979EC}.Debug|Any CPU.Build.0 = Debug|Any CPU
		{E8E554AC-7DD3-4DB2-9010-3525543979EC}.Release|Any CPU.ActiveCfg = Release|Any CPU
		{E8E554AC-7DD3-4DB2-9010-3525543979EC}.Release|Any CPU.Build.0 = Release|Any CPU
		{06E3E10E-9120-46E9-97EE-3435305C9A91}.Debug|Any CPU.ActiveCfg = Debug|Any CPU
		{06E3E10E-9120-46E9-97EE-3435305C9A91}.Debug|Any CPU.Build.0 = Debug|Any CPU
		{06E3E10E-9120-46E9-97EE-3435305C9A91}.Release|Any CPU.ActiveCfg = Release|Any CPU
		{06E3E10E-9120-46E9-97EE-3435305C9A91}.Release|Any CPU.Build.0 = Release|Any CPU
	EndGlobalSection
	GlobalSection(SolutionProperties) = preSolution
		HideSolutionNode = FALSE
	EndGlobalSection
	GlobalSection(ExtensibilityGlobals) = postSolution
		SolutionGuid = {DE7913E4-B099-4233-8BA7-A251EE950DF3}
	EndGlobalSection
EndGlobal
